{
  "nodes": {
    "flake-utils": {
      "inputs": {
        "systems": "systems"
      },
      "locked": {
        "lastModified": 1731533236,
        "narHash": "sha256-l0KFg5HjrsfsO/JpG+r7fRrqm12kzFHyUHqHCVpMMbI=",
        "owner": "numtide",
        "repo": "flake-utils",
        "rev": "11707dc2f618dd54ca8739b309ec4fc024de578b",
        "type": "github"
      },
      "original": {
        "owner": "numtide",
        "repo": "flake-utils",
        "type": "github"
      }
    },
    "flake-utils_2": {
      "inputs": {
        "systems": "systems_2"
      },
      "locked": {
        "lastModified": 1731533236,
        "narHash": "sha256-l0KFg5HjrsfsO/JpG+r7fRrqm12kzFHyUHqHCVpMMbI=",
        "owner": "numtide",
        "repo": "flake-utils",
        "rev": "11707dc2f618dd54ca8739b309ec4fc024de578b",
        "type": "github"
      },
      "original": {
        "owner": "numtide",
        "repo": "flake-utils",
        "type": "github"
      }
    },
    "nix-github-actions": {
      "inputs": {
        "nixpkgs": [
          "zephyr-nix",
          "nixpkgs"
        ]
      },
      "locked": {
        "lastModified": 1737420293,
        "narHash": "sha256-F1G5ifvqTpJq7fdkT34e/Jy9VCyzd5XfJ9TO8fHhJWE=",
        "owner": "nix-community",
        "repo": "nix-github-actions",
        "rev": "f4158fa080ef4503c8f4c820967d946c2af31ec9",
        "type": "github"
      },
      "original": {
        "owner": "nix-community",
        "repo": "nix-github-actions",
        "type": "github"
      }
    },
    "nixpkgs": {
      "locked": {
        "lastModified": 1776067740,
        "narHash": "sha256-B35lpsqnSZwn1Lmz06BpwF7atPgFmUgw1l8KAV3zpVQ=",
        "owner": "NixOS",
        "repo": "nixpkgs",
        "rev": "7e495b747b51f95ae15e74377c5ce1fe69c1765f",
        "type": "github"
      },
      "original": {
        "owner": "NixOS",
        "ref": "nixos-25.11",
        "repo": "nixpkgs",
        "type": "github"
      }
    },
    "nixpkgs_2": {
      "locked": {
        "lastModified": 1749285348,
        "narHash": "sha256-frdhQvPbmDYaScPFiCnfdh3B/Vh81Uuoo0w5TkWmmjU=",
        "owner": "NixOS",
        "repo": "nixpkgs",
        "rev": "3e3afe5174c561dee0df6f2c2b2236990146329f",
        "type": "github"
      },
      "original": {
        "owner": "NixOS",
        "ref": "nixos-unstable",
        "repo": "nixpkgs",
        "type": "github"
      }
    },
    "nixpkgs_3": {
      "locked": {
        "lastModified": 1744536153,
        "narHash": "sha256-awS2zRgF4uTwrOKwwiJcByDzDOdo3Q1rPZbiHQg/N38=",
        "owner": "NixOS",
        "repo": "nixpkgs",
        "rev": "18dd725c29603f582cf1900e0d25f9f1063dbf11",
        "type": "github"
      },
      "original": {
        "owner": "NixOS",
        "ref": "nixpkgs-unstable",
        "repo": "nixpkgs",
        "type": "github"
      }
    },
    "project-banner": {
      "inputs": {
        "flake-utils": "flake-utils_2",
        "nixpkgs": "nixpkgs_2",
        "rust-overlay": "rust-overlay"
      },
      "locked": {
        "dir": "nix",
        "lastModified": 1768213944,
        "narHash": "sha256-auYfwr/j7q0692ntkA20e2aAGRgT8CoedP/PloiiROU=",
        "owner": "wallago",
        "repo": "project-banner",
        "rev": "d573c580c204079fe3b578b79d91ab52b3825c20",
        "type": "github"
      },
      "original": {
        "dir": "nix",
        "owner": "wallago",
        "repo": "project-banner",
        "type": "github"
      }
    },
    "pyproject-nix": {
      "inputs": {
        "nixpkgs": [
          "zephyr-nix",
          "nixpkgs"
        ]
      },
      "locked": {
        "lastModified": 1758265079,
        "narHash": "sha256-amLaLNwKSZPShQHzfgmc/9o76dU8xzN0743dWgvYlr8=",
        "owner": "nix-community",
        "repo": "pyproject.nix",
        "rev": "02e9418fd4af638447dca4b17b1280da95527fc9",
        "type": "github"
      },
      "original": {
        "owner": "nix-community",
        "repo": "pyproject.nix",
        "type": "github"
      }
    },
    "root": {
      "inputs": {
        "flake-utils": "flake-utils",
        "nixpkgs": "nixpkgs",
        "project-banner": "project-banner",
        "zephyr": "zephyr",
        "zephyr-nix": "zephyr-nix"
      }
    },
    "rust-overlay": {
      "inputs": {
        "nixpkgs": "nixpkgs_3"
      },
      "locked": {
        "lastModified": 1749523120,
        "narHash": "sha256-lEhEK8qE8xto2Wnj4f7R+VRSg7M6tgTTkJVTZ2QxXOI=",
        "owner": "oxalica",
        "repo": "rust-overlay",
        "rev": "d0727dbab79c5a28289f3c03e4fac7d5b95bafb3",
        "type": "github"
      },
      "original": {
        "owner": "oxalica",
        "repo": "rust-overlay",
        "type": "github"
      }
    },
    "systems": {
      "locked": {
        "lastModified": 1681028828,
        "narHash": "sha256-Vy1rq5AaRuLzOxct8nz4T6wlgyUR7zLU309k9mBC768=",
        "owner": "nix-systems",
        "repo": "default",
        "rev": "da67096a3b9bf56a91d16901293e51ba5b49a27e",
        "type": "github"
      },
      "original": {
        "owner": "nix-systems",
        "repo": "default",
        "type": "github"
      }
    },
    "systems_2": {
      "locked": {
        "lastModified": 1681028828,
        "narHash": "sha256-Vy1rq5AaRuLzOxct8nz4T6wlgyUR7zLU309k9mBC768=",
        "owner": "nix-systems",
        "repo": "default",
        "rev": "da67096a3b9bf56a91d16901293e51ba5b49a27e",
        "type": "github"
      },
      "original": {
        "owner": "nix-systems",
        "repo": "default",
        "type": "github"
      }
    },
    "zephyr": {
      "flake": false,
      "locked": {
        "lastModified": 1773992708,
        "narHash": "sha256-SWB1dZ8hnF87oufDRhs37TQ47/7yn7qj/UJKeSXboZI=",
        "owner": "zmkfirmware",
        "repo": "zephyr",
        "rev": "58a5874a446ace2893a196848282d271a551e512",
        "type": "github"
      },
      "original": {
        "owner": "zmkfirmware",
        "repo": "zephyr",
        "type": "github"
      }
    },
    "zephyr-nix": {
      "inputs": {
        "nix-github-actions": "nix-github-actions",
        "nixpkgs": [
          "nixpkgs"
        ],
        "pyproject-nix": "pyproject-nix",
        "zephyr": [
          "zephyr"
        ]
      },
      "locked": {
        "lastModified": 1766008436,
        "narHash": "sha256-rxsL4PELWWJm1jp2j3fQEatsbXVwf/P5KnESLflh84s=",
        "owner": "urob",
        "repo": "zephyr-nix",
        "rev": "62288a26868d805935952a8cf8a77ffe5ec994f7",
        "type": "github"
      },
      "original": {
        "owner": "urob",
        "repo": "zephyr-nix",
        "type": "github"
      }
    }
  },
  "root": "root",
  "version": 7
}
